{
  "name": "hello",
  "version": "1.0.0",
  "lockfileVersion": 1,
  "requires": true,
  "dependencies": {
    "@feathersjs/commons": {
      "version": "1.3.1",
      "resolved": "https://registry.npmjs.org/@feathersjs/commons/-/commons-1.3.1.tgz",
      "integrity": "sha512-KoMPIqZonqQ3ByaQcnZPR4D+vGYqGppKxIVcMay5NYmOlfNTEU0kbt9Ky9o8hfzSyol8odmCpV/RlQad5fQ+Yw=="
    },
    "@feathersjs/feathers": {
      "version": "3.0.5",
      "resolved": "https://registry.npmjs.org/@feathersjs/feathers/-/feathers-3.0.5.tgz",
      "integrity": "sha512-8Gv+q28VxZRYYfooBaoqk/tZ8MvWOAXjq2jTc30rUzPRf6eaGwuSVbgu7Zg59Q1tE8MArV/Dm8A9L0hdRfMbww==",
      "requires": {
        "@feathersjs/commons": "1.3.1",
        "debug": "3.1.0",
        "events": "1.1.1",
        "uberproto": "1.2.0"
      }
    },
    "debug": {
      "version": "3.1.0",
      "resolved": "https://registry.npmjs.org/debug/-/debug-3.1.0.tgz",
      "integrity": "sha512-OX8XqP7/1a9cqkxYw2yXss15f26NKWBpDXQd0/uK/KPqdQhxbPa994hnzjcE2VqQpDslf55723cKPUOGSmMY3g==",
      "requires": {
        "ms": "2.0.0"
      }
    },
    "events": {
      "version": "1.1.1",
      "resolved": "https://registry.npmjs.org/events/-/events-1.1.1.tgz",
      "integrity": "sha1-nr23Y1rQmccNzEwqH1AEKI6L2SQ="
    },
    "ms": {
      "version": "2.0.0",
      "resolved": "https://registry.npmjs.org/ms/-/ms-2.0.0.tgz",
      "integrity": "sha1-VgiurfwAvmwpAd9fmGF4jeDVl8g="
    },
    "uberproto": {
      "version": "1.2.0",
      "resolved": "https://registry.npmjs.org/uberproto/-/uberproto-1.2.0.tgz",
      "integrity": "sha1-YdTqsCT5CcTm6lK+hnxIlKS+63Y="
    }
  }
}
